
Microsoft Visual Studio Solution File, Format Version 12.00
# Visual Studio Version 16
VisualStudioVersion = 16.0.33328.57
MinimumVisualStudioVersion = 10.0.40219.1
Project("{FAE04EC0-301F-11D3-BF4B-00C04F79EFBC}") = "WIL_GRACIOUS_GIVERS_WEBSITE_DESIGN_FINAL", "WIL_GRACIOUS_GIVERS_WEBSITE_DESIGN_FINAL\WIL_GRACIOUS_GIVERS_WEBSITE_DESIGN_FINAL.csproj", "{8DBC1E9E-39FD-4FFC-98AD-7909E8E5B3F8}"
EndProject
Global
	GlobalSection(SolutionConfigurationPlatforms) = preSolution
		Debug|Any CPU = Debug|Any CPU
		Release|Any CPU = Release|Any CPU
	EndGlobalSection
	GlobalSection(ProjectConfigurationPlatforms) = postSolution
		{8DBC1E9E-39FD-4FFC-98AD-7909E8E5B3F8}.Debug|Any CPU.ActiveCfg = Debug|Any CPU
		{8DBC1E9E-39FD-4FFC-98AD-7909E8E5B3F8}.Debug|Any CPU.Build.0 = Debug|Any CPU
		{8DBC1E9E-39FD-4FFC-98AD-7909E8E5B3F8}.Release|Any CPU.ActiveCfg = Release|Any CPU
		{8DBC1E9E-39FD-4FFC-98AD-7909E8E5B3F8}.Release|Any CPU.Build.0 = Release|Any CPU
	EndGlobalSection
	GlobalSection(SolutionProperties) = preSolution
		HideSolutionNode = FALSE
	EndGlobalSection
	GlobalSection(ExtensibilityGlobals) = postSolution
		SolutionGuid = {417C4E7F-3AC2-43D3-AF8A-27BC07945740}
	EndGlobalSection
EndGlobal
